
Microsoft Visual Studio Solution File, Format Version 12.00
# Visual Studio Version 16
VisualStudioVersion = 16.0.32106.194
MinimumVisualStudioVersion = 10.0.40219.1
Project("{9A19103F-16F7-4668-BE54-9A1E7A4F7556}") = "BGTG.Web", "BGTG.Web\BGTG.Web.csproj", "{4CDA2C6A-61C4-4388-9B1B-FB8FA6DF65A3}"
EndProject
Project("{9A19103F-16F7-4668-BE54-9A1E7A4F7556}") = "BGTG.Web.Tests", "BGTG.Web.Tests\BGTG.Web.Tests.csproj", "{AB1CBC0C-88FB-4778-B2F8-9AE95E8B07C4}"
EndProject
Project("{9A19103F-16F7-4668-BE54-9A1E7A4F7556}") = "BGTG.POS", "BGTG.POS\BGTG.POS.csproj", "{FB269FC7-CA16-4DD4-88FF-9FF50D7F2F1E}"
EndProject
Project("{9A19103F-16F7-4668-BE54-9A1E7A4F7556}") = "BGTG.POS.Tests", "BGTG.POS.Tests\BGTG.POS.Tests.csproj", "{2CC659F3-28DE-4F7A-BDAC-041AC7519247}"
EndProject
Project("{9A19103F-16F7-4668-BE54-9A1E7A4F7556}") = "BGTG.Entities", "BGTG.Entities\BGTG.Entities.csproj", "{1154EF25-BEA2-467F-8F68-6B5BD81894AF}"
EndProject
Project("{9A19103F-16F7-4668-BE54-9A1E7A4F7556}") = "BGTG.Data", "BGTG.Data\BGTG.Data.csproj", "{4734DEB8-E258-4F3F-87EA-6CFF2FA65C63}"
EndProject
Project("{FAE04EC0-301F-11D3-BF4B-00C04F79EFBC}") = "BGTG.Core", "BGTG.Core\BGTG.Core.csproj", "{920B83CD-B446-41FD-A471-6BA38E983BBD}"
EndProject
Global
	GlobalSection(SolutionConfigurationPlatforms) = preSolution
		Debug|Any CPU = Debug|Any CPU
		Release|Any CPU = Release|Any CPU
	EndGlobalSection
	GlobalSection(ProjectConfigurationPlatforms) = postSolution
		{4CDA2C6A-61C4-4388-9B1B-FB8FA6DF65A3}.Debug|Any CPU.ActiveCfg = Debug|Any CPU
		{4CDA2C6A-61C4-4388-9B1B-FB8FA6DF65A3}.Debug|Any CPU.Build.0 = Debug|Any CPU
		{4CDA2C6A-61C4-4388-9B1B-FB8FA6DF65A3}.Release|Any CPU.ActiveCfg = Release|Any CPU
		{4CDA2C6A-61C4-4388-9B1B-FB8FA6DF65A3}.Release|Any CPU.Build.0 = Release|Any CPU
		{AB1CBC0C-88FB-4778-B2F8-9AE95E8B07C4}.Debug|Any CPU.ActiveCfg = Debug|Any CPU
		{AB1CBC0C-88FB-4778-B2F8-9AE95E8B07C4}.Debug|Any CPU.Build.0 = Debug|Any CPU
		{AB1CBC0C-88FB-4778-B2F8-9AE95E8B07C4}.Release|Any CPU.ActiveCfg = Release|Any CPU
		{AB1CBC0C-88FB-4778-B2F8-9AE95E8B07C4}.Release|Any CPU.Build.0 = Release|Any CPU
		{FB269FC7-CA16-4DD4-88FF-9FF50D7F2F1E}.Debug|Any CPU.ActiveCfg = Debug|Any CPU
		{FB269FC7-CA16-4DD4-88FF-9FF50D7F2F1E}.Debug|Any CPU.Build.0 = Debug|Any CPU
		{FB269FC7-CA16-4DD4-88FF-9FF50D7F2F1E}.Release|Any CPU.ActiveCfg = Release|Any CPU
		{FB269FC7-CA16-4DD4-88FF-9FF50D7F2F1E}.Release|Any CPU.Build.0 = Release|Any CPU
		{2CC659F3-28DE-4F7A-BDAC-041AC7519247}.Debug|Any CPU.ActiveCfg = Debug|Any CPU
		{2CC659F3-28DE-4F7A-BDAC-041AC7519247}.Debug|Any CPU.Build.0 = Debug|Any CPU
		{2CC659F3-28DE-4F7A-BDAC-041AC7519247}.Release|Any CPU.ActiveCfg = Release|Any CPU
		{2CC659F3-28DE-4F7A-BDAC-041AC7519247}.Release|Any CPU.Build.0 = Release|Any CPU
		{1154EF25-BEA2-467F-8F68-6B5BD81894AF}.Debug|Any CPU.ActiveCfg = Debug|Any CPU
		{1154EF25-BEA2-467F-8F68-6B5BD81894AF}.Debug|Any CPU.Build.0 = Debug|Any CPU
		{1154EF25-BEA2-467F-8F68-6B5BD81894AF}.Release|Any CPU.ActiveCfg = Release|Any CPU
		{1154EF25-BEA2-467F-8F68-6B5BD81894AF}.Release|Any CPU.Build.0 = Release|Any CPU
		{4734DEB8-E258-4F3F-87EA-6CFF2FA65C63}.Debug|Any CPU.ActiveCfg = Debug|Any CPU
		{4734DEB8-E258-4F3F-87EA-6CFF2FA65C63}.Debug|Any CPU.Build.0 = Debug|Any CPU
		{4734DEB8-E258-4F3F-87EA-6CFF2FA65C63}.Release|Any CPU.ActiveCfg = Release|Any CPU
		{4734DEB8-E258-4F3F-87EA-6CFF2FA65C63}.Release|Any CPU.Build.0 = Release|Any CPU
		{920B83CD-B446-41FD-A471-6BA38E983BBD}.Debug|Any CPU.ActiveCfg = Debug|Any CPU
		{920B83CD-B446-41FD-A471-6BA38E983BBD}.Debug|Any CPU.Build.0 = Debug|Any CPU
		{920B83CD-B446-41FD-A471-6BA38E983BBD}.Release|Any CPU.ActiveCfg = Release|Any CPU
		{920B83CD-B446-41FD-A471-6BA38E983BBD}.Release|Any CPU.Build.0 = Release|Any CPU
	EndGlobalSection
	GlobalSection(SolutionProperties) = preSolution
		HideSolutionNode = FALSE
	EndGlobalSection
	GlobalSection(ExtensibilityGlobals) = postSolution
		SolutionGuid = {18BD39B3-37E8-410B-B8CB-DF0FE461809C}
	EndGlobalSection
EndGlobal
